<Solution>
  <Folder Name="/src/">
    <Project Path="src/Maple.Result.Extensions.MinimalApi/Maple.Result.Extensions.MinimalApi.csproj" />
  </Folder>
  <Folder Name="/tests/">
    <Project Path="tests/Maple.Result.Extensions.MinimalApi.Tests.Functional/Maple.Result.Extensions.MinimalApi.Tests.Functional.csproj" />
  </Folder>
</Solution>
